// !$*UTF8*$!
{
	archiveVersion = 1;
	classes = {
	};
	objectVersion = 60;
	objects = {

/* Begin PBXBuildFile section */
		A1F8AC282D9EAD7B009A1DB1 /* MVarchApp.swift in Sources */ = {isa = PBXBuildFile; fileRef = A1F8AC272D9EAD7B009A1DB1 /* MVarchApp.swift */; };
		A1F8AC2C2D9EAD7B009A1DB1 /* Item.swift in Sources */ = {isa = PBXBuildFile; fileRef = A1F8AC2B2D9EAD7B009A1DB1 /* Item.swift */; };
		A1F8AC2E2D9EAD7E009A1DB1 /* Assets.xcassets in Resources */ = {isa = PBXBuildFile; fileRef = A1F8AC2D2D9EAD7E009A1DB1 /* Assets.xcassets */; };
		A1F8AC312D9EAD7E009A1DB1 /* Preview Assets.xcassets in Resources */ = {isa = PBXBuildFile; fileRef = A1F8AC302D9EAD7E009A1DB1 /* Preview Assets.xcassets */; };
		A1F8AC402D9EAEF9009A1DB1 /* NavigationContainerView.swift in Sources */ = {isa = PBXBuildFile; fileRef = A1F8AC3A2D9EAEF9009A1DB1 /* NavigationContainerView.swift */; };
		A1F8AC412D9EAEF9009A1DB1 /* NavigationNode.swift in Sources */ = {isa = PBXBuildFile; fileRef = A1F8AC3B2D9EAEF9009A1DB1 /* NavigationNode.swift */; };
		A1F8AC422D9EAEF9009A1DB1 /* NavigationState.swift in Sources */ = {isa = PBXBuildFile; fileRef = A1F8AC3C2D9EAEF9009A1DB1 /* NavigationState.swift */; };
		A1F8AC442D9EAFE8009A1DB1 /* MarketListScreen.swift in Sources */ = {isa = PBXBuildFile; fileRef = A1F8AC432D9EAFE8009A1DB1 /* MarketListScreen.swift */; };
		A1F8AC462D9EB035009A1DB1 /* MarketFilterScreen.swift in Sources */ = {isa = PBXBuildFile; fileRef = A1F8AC452D9EB035009A1DB1 /* MarketFilterScreen.swift */; };
		A1F8AC4A2D9EBF4B009A1DB1 /* MarketListItemView.swift in Sources */ = {isa = PBXBuildFile; fileRef = A1F8AC492D9EBF4B009A1DB1 /* MarketListItemView.swift */; };
		A1F8AC4C2D9EBF5F009A1DB1 /* MarketListViewModel.swift in Sources */ = {isa = PBXBuildFile; fileRef = A1F8AC4B2D9EBF5F009A1DB1 /* MarketListViewModel.swift */; };
		A1F8AC4F2D9EBFC1009A1DB1 /* MarketRepository.swift in Sources */ = {isa = PBXBuildFile; fileRef = A1F8AC4E2D9EBFC1009A1DB1 /* MarketRepository.swift */; };
		A1F8AC552D9F7596009A1DB1 /* MarketModelKey.swift in Sources */ = {isa = PBXBuildFile; fileRef = A1F8AC542D9F7596009A1DB1 /* MarketModelKey.swift */; };
		A1F8AC572D9F7D07009A1DB1 /* Injector.swift in Sources */ = {isa = PBXBuildFile; fileRef = A1F8AC562D9F7D07009A1DB1 /* Injector.swift */; };
		A1F8AC622D9FACBC009A1DB1 /* AppRouter.swift in Sources */ = {isa = PBXBuildFile; fileRef = A1F8AC5F2D9FACBC009A1DB1 /* AppRouter.swift */; };
		A1F8AC632D9FACBC009A1DB1 /* MarketRouter.swift in Sources */ = {isa = PBXBuildFile; fileRef = A1F8AC602D9FACBC009A1DB1 /* MarketRouter.swift */; };
		A1F8AC662D9FADA8009A1DB1 /* NavigationGraph in Frameworks */ = {isa = PBXBuildFile; productRef = A1F8AC652D9FADA8009A1DB1 /* NavigationGraph */; };
/* End PBXBuildFile section */

/* Begin PBXFileReference section */
		A1F8AC242D9EAD7B009A1DB1 /* MVarch.app */ = {isa = PBXFileReference; explicitFileType = wrapper.application; includeInIndex = 0; path = MVarch.app; sourceTree = BUILT_PRODUCTS_DIR; };
		A1F8AC272D9EAD7B009A1DB1 /* MVarchApp.swift */ = {isa = PBXFileReference; lastKnownFileType = sourcecode.swift; path = MVarchApp.swift; sourceTree = "<group>"; };
		A1F8AC2B2D9EAD7B009A1DB1 /* Item.swift */ = {isa = PBXFileReference; lastKnownFileType = sourcecode.swift; path = Item.swift; sourceTree = "<group>"; };
		A1F8AC2D2D9EAD7E009A1DB1 /* Assets.xcassets */ = {isa = PBXFileReference; lastKnownFileType = folder.assetcatalog; path = Assets.xcassets; sourceTree = "<group>"; };
		A1F8AC302D9EAD7E009A1DB1 /* Preview Assets.xcassets */ = {isa = PBXFileReference; lastKnownFileType = folder.assetcatalog; path = "Preview Assets.xcassets"; sourceTree = "<group>"; };
		A1F8AC3A2D9EAEF9009A1DB1 /* NavigationContainerView.swift */ = {isa = PBXFileReference; fileEncoding = 4; lastKnownFileType = sourcecode.swift; path = NavigationContainerView.swift; sourceTree = "<group>"; };
		A1F8AC3B2D9EAEF9009A1DB1 /* NavigationNode.swift */ = {isa = PBXFileReference; fileEncoding = 4; lastKnownFileType = sourcecode.swift; path = NavigationNode.swift; sourceTree = "<group>"; };
		A1F8AC3C2D9EAEF9009A1DB1 /* NavigationState.swift */ = {isa = PBXFileReference; fileEncoding = 4; lastKnownFileType = sourcecode.swift; path = NavigationState.swift; sourceTree = "<group>"; };
		A1F8AC432D9EAFE8009A1DB1 /* MarketListScreen.swift */ = {isa = PBXFileReference; lastKnownFileType = sourcecode.swift; path = MarketListScreen.swift; sourceTree = "<group>"; };
		A1F8AC452D9EB035009A1DB1 /* MarketFilterScreen.swift */ = {isa = PBXFileReference; lastKnownFileType = sourcecode.swift; path = MarketFilterScreen.swift; sourceTree = "<group>"; };
		A1F8AC492D9EBF4B009A1DB1 /* MarketListItemView.swift */ = {isa = PBXFileReference; lastKnownFileType = sourcecode.swift; path = MarketListItemView.swift; sourceTree = "<group>"; };
		A1F8AC4B2D9EBF5F009A1DB1 /* MarketListViewModel.swift */ = {isa = PBXFileReference; lastKnownFileType = sourcecode.swift; path = MarketListViewModel.swift; sourceTree = "<group>"; };
		A1F8AC4E2D9EBFC1009A1DB1 /* MarketRepository.swift */ = {isa = PBXFileReference; lastKnownFileType = sourcecode.swift; path = MarketRepository.swift; sourceTree = "<group>"; };
		A1F8AC542D9F7596009A1DB1 /* MarketModelKey.swift */ = {isa = PBXFileReference; lastKnownFileType = sourcecode.swift; path = MarketModelKey.swift; sourceTree = "<group>"; };
		A1F8AC562D9F7D07009A1DB1 /* Injector.swift */ = {isa = PBXFileReference; fileEncoding = 4; lastKnownFileType = sourcecode.swift; path = Injector.swift; sourceTree = "<group>"; };
		A1F8AC5F2D9FACBC009A1DB1 /* AppRouter.swift */ = {isa = PBXFileReference; fileEncoding = 4; lastKnownFileType = sourcecode.swift; path = AppRouter.swift; sourceTree = "<group>"; };
		A1F8AC602D9FACBC009A1DB1 /* MarketRouter.swift */ = {isa = PBXFileReference; fileEncoding = 4; lastKnownFileType = sourcecode.swift; path = MarketRouter.swift; sourceTree = "<group>"; };
/* End PBXFileReference section */

/* Begin PBXFrameworksBuildPhase section */
		A1F8AC212D9EAD7B009A1DB1 /* Frameworks */ = {
			isa = PBXFrameworksBuildPhase;
			buildActionMask = 2147483647;
			files = (
				A1F8AC662D9FADA8009A1DB1 /* NavigationGraph in Frameworks */,
			);
			runOnlyForDeploymentPostprocessing = 0;
		};
/* End PBXFrameworksBuildPhase section */

/* Begin PBXGroup section */
		A1F8AC1B2D9EAD7B009A1DB1 = {
			isa = PBXGroup;
			children = (
				A1F8AC262D9EAD7B009A1DB1 /* MVarch */,
				A1F8AC252D9EAD7B009A1DB1 /* Products */,
			);
			sourceTree = "<group>";
		};
		A1F8AC252D9EAD7B009A1DB1 /* Products */ = {
			isa = PBXGroup;
			children = (
				A1F8AC242D9EAD7B009A1DB1 /* MVarch.app */,
			);
			name = Products;
			sourceTree = "<group>";
		};
		A1F8AC262D9EAD7B009A1DB1 /* MVarch */ = {
			isa = PBXGroup;
			children = (
				A1F8AC272D9EAD7B009A1DB1 /* MVarchApp.swift */,
				A1F8AC612D9FACBC009A1DB1 /* Routers */,
				A1F8AC3D2D9EAEF9009A1DB1 /* Navigation */,
				A1F8AC4D2D9EBFBC009A1DB1 /* Model */,
				A1F8AC472D9EBF3D009A1DB1 /* Screens */,
				A1F8AC2B2D9EAD7B009A1DB1 /* Item.swift */,
				A1F8AC2D2D9EAD7E009A1DB1 /* Assets.xcassets */,
				A1F8AC2F2D9EAD7E009A1DB1 /* Preview Content */,
			);
			path = MVarch;
			sourceTree = "<group>";
		};
		A1F8AC2F2D9EAD7E009A1DB1 /* Preview Content */ = {
			isa = PBXGroup;
			children = (
				A1F8AC302D9EAD7E009A1DB1 /* Preview Assets.xcassets */,
			);
			path = "Preview Content";
			sourceTree = "<group>";
		};
		A1F8AC3D2D9EAEF9009A1DB1 /* Navigation */ = {
			isa = PBXGroup;
			children = (
				A1F8AC3A2D9EAEF9009A1DB1 /* NavigationContainerView.swift */,
				A1F8AC3B2D9EAEF9009A1DB1 /* NavigationNode.swift */,
				A1F8AC3C2D9EAEF9009A1DB1 /* NavigationState.swift */,
			);
			path = Navigation;
			sourceTree = "<group>";
		};
		A1F8AC472D9EBF3D009A1DB1 /* Screens */ = {
			isa = PBXGroup;
			children = (
				A1F8AC502D9EC693009A1DB1 /* Filter */,
				A1F8AC482D9EBF42009A1DB1 /* List */,
			);
			path = Screens;
			sourceTree = "<group>";
		};
		A1F8AC482D9EBF42009A1DB1 /* List */ = {
			isa = PBXGroup;
			children = (
				A1F8AC432D9EAFE8009A1DB1 /* MarketListScreen.swift */,
				A1F8AC4B2D9EBF5F009A1DB1 /* MarketListViewModel.swift */,
				A1F8AC492D9EBF4B009A1DB1 /* MarketListItemView.swift */,
			);
			path = List;
			sourceTree = "<group>";
		};
		A1F8AC4D2D9EBFBC009A1DB1 /* Model */ = {
			isa = PBXGroup;
			children = (
				A1F8AC532D9F758B009A1DB1 /* DI */,
				A1F8AC4E2D9EBFC1009A1DB1 /* MarketRepository.swift */,
			);
			path = Model;
			sourceTree = "<group>";
		};
		A1F8AC502D9EC693009A1DB1 /* Filter */ = {
			isa = PBXGroup;
			children = (
				A1F8AC452D9EB035009A1DB1 /* MarketFilterScreen.swift */,
			);
			path = Filter;
			sourceTree = "<group>";
		};
		A1F8AC532D9F758B009A1DB1 /* DI */ = {
			isa = PBXGroup;
			children = (
				A1F8AC562D9F7D07009A1DB1 /* Injector.swift */,
				A1F8AC542D9F7596009A1DB1 /* MarketModelKey.swift */,
			);
			path = DI;
			sourceTree = "<group>";
		};
		A1F8AC612D9FACBC009A1DB1 /* Routers */ = {
			isa = PBXGroup;
			children = (
				A1F8AC5F2D9FACBC009A1DB1 /* AppRouter.swift */,
				A1F8AC602D9FACBC009A1DB1 /* MarketRouter.swift */,
			);
			path = Routers;
			sourceTree = "<group>";
		};
/* End PBXGroup section */

/* Begin PBXNativeTarget section */
		A1F8AC232D9EAD7B009A1DB1 /* MVarch */ = {
			isa = PBXNativeTarget;
			buildConfigurationList = A1F8AC342D9EAD7E009A1DB1 /* Build configuration list for PBXNativeTarget "MVarch" */;
			buildPhases = (
				A1F8AC202D9EAD7B009A1DB1 /* Sources */,
				A1F8AC212D9EAD7B009A1DB1 /* Frameworks */,
				A1F8AC222D9EAD7B009A1DB1 /* Resources */,
			);
			buildRules = (
			);
			dependencies = (
			);
			name = MVarch;
			packageProductDependencies = (
				A1F8AC652D9FADA8009A1DB1 /* NavigationGraph */,
			);
			productName = MVarch;
			productReference = A1F8AC242D9EAD7B009A1DB1 /* MVarch.app */;
			productType = "com.apple.product-type.application";
		};
/* End PBXNativeTarget section */

/* Begin PBXProject section */
		A1F8AC1C2D9EAD7B009A1DB1 /* Project object */ = {
			isa = PBXProject;
			attributes = {
				BuildIndependentTargetsInParallel = 1;
				LastSwiftUpdateCheck = 1540;
				LastUpgradeCheck = 1540;
				TargetAttributes = {
					A1F8AC232D9EAD7B009A1DB1 = {
						CreatedOnToolsVersion = 15.4;
					};
				};
			};
			buildConfigurationList = A1F8AC1F2D9EAD7B009A1DB1 /* Build configuration list for PBXProject "MVarch" */;
			compatibilityVersion = "Xcode 14.0";
			developmentRegion = en;
			hasScannedForEncodings = 0;
			knownRegions = (
				en,
				Base,
			);
			mainGroup = A1F8AC1B2D9EAD7B009A1DB1;
			packageReferences = (
				A1F8AC642D9FADA8009A1DB1 /* XCLocalSwiftPackageReference "../NavigationGraph" */,
			);
			productRefGroup = A1F8AC252D9EAD7B009A1DB1 /* Products */;
			projectDirPath = "";
			projectRoot = "";
			targets = (
				A1F8AC232D9EAD7B009A1DB1 /* MVarch */,
			);
		};
/* End PBXProject section */

/* Begin PBXResourcesBuildPhase section */
		A1F8AC222D9EAD7B009A1DB1 /* Resources */ = {
			isa = PBXResourcesBuildPhase;
			buildActionMask = 2147483647;
			files = (
				A1F8AC312D9EAD7E009A1DB1 /* Preview Assets.xcassets in Resources */,
				A1F8AC2E2D9EAD7E009A1DB1 /* Assets.xcassets in Resources */,
			);
			runOnlyForDeploymentPostprocessing = 0;
		};
/* End PBXResourcesBuildPhase section */

/* Begin PBXSourcesBuildPhase section */
		A1F8AC202D9EAD7B009A1DB1 /* Sources */ = {
			isa = PBXSourcesBuildPhase;
			buildActionMask = 2147483647;
			files = (
				A1F8AC412D9EAEF9009A1DB1 /* NavigationNode.swift in Sources */,
				A1F8AC422D9EAEF9009A1DB1 /* NavigationState.swift in Sources */,
				A1F8AC2C2D9EAD7B009A1DB1 /* Item.swift in Sources */,
				A1F8AC572D9F7D07009A1DB1 /* Injector.swift in Sources */,
				A1F8AC632D9FACBC009A1DB1 /* MarketRouter.swift in Sources */,
				A1F8AC442D9EAFE8009A1DB1 /* MarketListScreen.swift in Sources */,
				A1F8AC462D9EB035009A1DB1 /* MarketFilterScreen.swift in Sources */,
				A1F8AC4C2D9EBF5F009A1DB1 /* MarketListViewModel.swift in Sources */,
				A1F8AC4A2D9EBF4B009A1DB1 /* MarketListItemView.swift in Sources */,
				A1F8AC4F2D9EBFC1009A1DB1 /* MarketRepository.swift in Sources */,
				A1F8AC402D9EAEF9009A1DB1 /* NavigationContainerView.swift in Sources */,
				A1F8AC622D9FACBC009A1DB1 /* AppRouter.swift in Sources */,
				A1F8AC282D9EAD7B009A1DB1 /* MVarchApp.swift in Sources */,
				A1F8AC552D9F7596009A1DB1 /* MarketModelKey.swift in Sources */,
			);
			runOnlyForDeploymentPostprocessing = 0;
		};
/* End PBXSourcesBuildPhase section */

/* Begin XCBuildConfiguration section */
		A1F8AC322D9EAD7E009A1DB1 /* Debug */ = {
			isa = XCBuildConfiguration;
			buildSettings = {
				ALWAYS_SEARCH_USER_PATHS = NO;
				ASSETCATALOG_COMPILER_GENERATE_SWIFT_ASSET_SYMBOL_EXTENSIONS = YES;
				CLANG_ANALYZER_NONNULL = YES;
				CLANG_ANALYZER_NUMBER_OBJECT_CONVERSION = YES_AGGRESSIVE;
				CLANG_CXX_LANGUAGE_STANDARD = "gnu++20";
				CLANG_ENABLE_MODULES = YES;
				CLANG_ENABLE_OBJC_ARC = YES;
				CLANG_ENABLE_OBJC_WEAK = YES;
				CLANG_WARN_BLOCK_CAPTURE_AUTORELEASING = YES;
				CLANG_WARN_BOOL_CONVERSION = YES;
				CLANG_WARN_COMMA = YES;
				CLANG_WARN_CONSTANT_CONVERSION = YES;
				CLANG_WARN_DEPRECATED_OBJC_IMPLEMENTATIONS = YES;
				CLANG_WARN_DIRECT_OBJC_ISA_USAGE = YES_ERROR;
				CLANG_WARN_DOCUMENTATION_COMMENTS = YES;
				CLANG_WARN_EMPTY_BODY = YES;
				CLANG_WARN_ENUM_CONVERSION = YES;
				CLANG_WARN_INFINITE_RECURSION = YES;
				CLANG_WARN_INT_CONVERSION = YES;
				CLANG_WARN_NON_LITERAL_NULL_CONVERSION = YES;
				CLANG_WARN_OBJC_IMPLICIT_RETAIN_SELF = YES;
				CLANG_WARN_OBJC_LITERAL_CONVERSION = YES;
				CLANG_WARN_OBJC_ROOT_CLASS = YES_ERROR;
				CLANG_WARN_QUOTED_INCLUDE_IN_FRAMEWORK_HEADER = YES;
				CLANG_WARN_RANGE_LOOP_ANALYSIS = YES;
				CLANG_WARN_STRICT_PROTOTYPES = YES;
				CLANG_WARN_SUSPICIOUS_MOVE = YES;
				CLANG_WARN_UNGUARDED_AVAILABILITY = YES_AGGRESSIVE;
				CLANG_WARN_UNREACHABLE_CODE = YES;
				CLANG_WARN__DUPLICATE_METHOD_MATCH = YES;
				COPY_PHASE_STRIP = NO;
				DEBUG_INFORMATION_FORMAT = dwarf;
				ENABLE_STRICT_OBJC_MSGSEND = YES;
				ENABLE_TESTABILITY = YES;
				ENABLE_USER_SCRIPT_SANDBOXING = YES;
				GCC_C_LANGUAGE_STANDARD = gnu17;
				GCC_DYNAMIC_NO_PIC = NO;
				GCC_NO_COMMON_BLOCKS = YES;
				GCC_OPTIMIZATION_LEVEL = 0;
				GCC_PREPROCESSOR_DEFINITIONS = (
					"DEBUG=1",
					"$(inherited)",
				);
				GCC_WARN_64_TO_32_BIT_CONVERSION = YES;
				GCC_WARN_ABOUT_RETURN_TYPE = YES_ERROR;
				GCC_WARN_UNDECLARED_SELECTOR = YES;
				GCC_WARN_UNINITIALIZED_AUTOS = YES_AGGRESSIVE;
				GCC_WARN_UNUSED_FUNCTION = YES;
				GCC_WARN_UNUSED_VARIABLE = YES;
				IPHONEOS_DEPLOYMENT_TARGET = 17.5;
				LOCALIZATION_PREFERS_STRING_CATALOGS = YES;
				MTL_ENABLE_DEBUG_INFO = INCLUDE_SOURCE;
				MTL_FAST_MATH = YES;
				ONLY_ACTIVE_ARCH = YES;
				SDKROOT = iphoneos;
				SWIFT_ACTIVE_COMPILATION_CONDITIONS = "DEBUG $(inherited)";
				SWIFT_OPTIMIZATION_LEVEL = "-Onone";
			};
			name = Debug;
		};
		A1F8AC332D9EAD7E009A1DB1 /* Release */ = {
			isa = XCBuildConfiguration;
			buildSettings = {
				ALWAYS_SEARCH_USER_PATHS = NO;
				ASSETCATALOG_COMPILER_GENERATE_SWIFT_ASSET_SYMBOL_EXTENSIONS = YES;
				CLANG_ANALYZER_NONNULL = YES;
				CLANG_ANALYZER_NUMBER_OBJECT_CONVERSION = YES_AGGRESSIVE;
				CLANG_CXX_LANGUAGE_STANDARD = "gnu++20";
				CLANG_ENABLE_MODULES = YES;
				CLANG_ENABLE_OBJC_ARC = YES;
				CLANG_ENABLE_OBJC_WEAK = YES;
				CLANG_WARN_BLOCK_CAPTURE_AUTORELEASING = YES;
				CLANG_WARN_BOOL_CONVERSION = YES;
				CLANG_WARN_COMMA = YES;
				CLANG_WARN_CONSTANT_CONVERSION = YES;
				CLANG_WARN_DEPRECATED_OBJC_IMPLEMENTATIONS = YES;
				CLANG_WARN_DIRECT_OBJC_ISA_USAGE = YES_ERROR;
				CLANG_WARN_DOCUMENTATION_COMMENTS = YES;
				CLANG_WARN_EMPTY_BODY = YES;
				CLANG_WARN_ENUM_CONVERSION = YES;
				CLANG_WARN_INFINITE_RECURSION = YES;
				CLANG_WARN_INT_CONVERSION = YES;
				CLANG_WARN_NON_LITERAL_NULL_CONVERSION = YES;
				CLANG_WARN_OBJC_IMPLICIT_RETAIN_SELF = YES;
				CLANG_WARN_OBJC_LITERAL_CONVERSION = YES;
				CLANG_WARN_OBJC_ROOT_CLASS = YES_ERROR;
				CLANG_WARN_QUOTED_INCLUDE_IN_FRAMEWORK_HEADER = YES;
				CLANG_WARN_RANGE_LOOP_ANALYSIS = YES;
				CLANG_WARN_STRICT_PROTOTYPES = YES;
				CLANG_WARN_SUSPICIOUS_MOVE = YES;
				CLANG_WARN_UNGUARDED_AVAILABILITY = YES_AGGRESSIVE;
				CLANG_WARN_UNREACHABLE_CODE = YES;
				CLANG_WARN__DUPLICATE_METHOD_MATCH = YES;
				COPY_PHASE_STRIP = NO;
				DEBUG_INFORMATION_FORMAT = "dwarf-with-dsym";
				ENABLE_NS_ASSERTIONS = NO;
				ENABLE_STRICT_OBJC_MSGSEND = YES;
				ENABLE_USER_SCRIPT_SANDBOXING = YES;
				GCC_C_LANGUAGE_STANDARD = gnu17;
				GCC_NO_COMMON_BLOCKS = YES;
				GCC_WARN_64_TO_32_BIT_CONVERSION = YES;
				GCC_WARN_ABOUT_RETURN_TYPE = YES_ERROR;
				GCC_WARN_UNDECLARED_SELECTOR = YES;
				GCC_WARN_UNINITIALIZED_AUTOS = YES_AGGRESSIVE;
				GCC_WARN_UNUSED_FUNCTION = YES;
				GCC_WARN_UNUSED_VARIABLE = YES;
				IPHONEOS_DEPLOYMENT_TARGET = 17.5;
				LOCALIZATION_PREFERS_STRING_CATALOGS = YES;
				MTL_ENABLE_DEBUG_INFO = NO;
				MTL_FAST_MATH = YES;
				SDKROOT = iphoneos;
				SWIFT_COMPILATION_MODE = wholemodule;
				VALIDATE_PRODUCT = YES;
			};
			name = Release;
		};
		A1F8AC352D9EAD7E009A1DB1 /* Debug */ = {
			isa = XCBuildConfiguration;
			buildSettings = {
				ASSETCATALOG_COMPILER_APPICON_NAME = AppIcon;
				ASSETCATALOG_COMPILER_GLOBAL_ACCENT_COLOR_NAME = AccentColor;
				CODE_SIGN_STYLE = Automatic;
				CURRENT_PROJECT_VERSION = 1;
				DEVELOPMENT_ASSET_PATHS = "\"MVarch/Preview Content\"";
				DEVELOPMENT_TEAM = P5D78F426N;
				ENABLE_PREVIEWS = YES;
				GENERATE_INFOPLIST_FILE = YES;
				INFOPLIST_KEY_UIApplicationSceneManifest_Generation = YES;
				INFOPLIST_KEY_UIApplicationSupportsIndirectInputEvents = YES;
				INFOPLIST_KEY_UILaunchScreen_Generation = YES;
				INFOPLIST_KEY_UISupportedInterfaceOrientations_iPad = "UIInterfaceOrientationPortrait UIInterfaceOrientationPortraitUpsideDown UIInterfaceOrientationLandscapeLeft UIInterfaceOrientationLandscapeRight";
				INFOPLIST_KEY_UISupportedInterfaceOrientations_iPhone = "UIInterfaceOrientationPortrait UIInterfaceOrientationLandscapeLeft UIInterfaceOrientationLandscapeRight";
				LD_RUNPATH_SEARCH_PATHS = (
					"$(inherited)",
					"@executable_path/Frameworks",
				);
				MARKETING_VERSION = 1.0;
				PRODUCT_BUNDLE_IDENTIFIER = tidal.charm.MVarch.MVarch;
				PRODUCT_NAME = "$(TARGET_NAME)";
				SWIFT_EMIT_LOC_STRINGS = YES;
				SWIFT_VERSION = 5.0;
				TARGETED_DEVICE_FAMILY = "1,2";
			};
			name = Debug;
		};
		A1F8AC362D9EAD7E009A1DB1 /* Release */ = {
			isa = XCBuildConfiguration;
			buildSettings = {
				ASSETCATALOG_COMPILER_APPICON_NAME = AppIcon;
				ASSETCATALOG_COMPILER_GLOBAL_ACCENT_COLOR_NAME = AccentColor;
				CODE_SIGN_STYLE = Automatic;
				CURRENT_PROJECT_VERSION = 1;
				DEVELOPMENT_ASSET_PATHS = "\"MVarch/Preview Content\"";
				DEVELOPMENT_TEAM = P5D78F426N;
				ENABLE_PREVIEWS = YES;
				GENERATE_INFOPLIST_FILE = YES;
				INFOPLIST_KEY_UIApplicationSceneManifest_Generation = YES;
				INFOPLIST_KEY_UIApplicationSupportsIndirectInputEvents = YES;
				INFOPLIST_KEY_UILaunchScreen_Generation = YES;
				INFOPLIST_KEY_UISupportedInterfaceOrientations_iPad = "UIInterfaceOrientationPortrait UIInterfaceOrientationPortraitUpsideDown UIInterfaceOrientationLandscapeLeft UIInterfaceOrientationLandscapeRight";
				INFOPLIST_KEY_UISupportedInterfaceOrientations_iPhone = "UIInterfaceOrientationPortrait UIInterfaceOrientationLandscapeLeft UIInterfaceOrientationLandscapeRight";
				LD_RUNPATH_SEARCH_PATHS = (
					"$(inherited)",
					"@executable_path/Frameworks",
				);
				MARKETING_VERSION = 1.0;
				PRODUCT_BUNDLE_IDENTIFIER = tidal.charm.MVarch.MVarch;
				PRODUCT_NAME = "$(TARGET_NAME)";
				SWIFT_EMIT_LOC_STRINGS = YES;
				SWIFT_VERSION = 5.0;
				TARGETED_DEVICE_FAMILY = "1,2";
			};
			name = Release;
		};
/* End XCBuildConfiguration section */

/* Begin XCConfigurationList section */
		A1F8AC1F2D9EAD7B009A1DB1 /* Build configuration list for PBXProject "MVarch" */ = {
			isa = XCConfigurationList;
			buildConfigurations = (
				A1F8AC322D9EAD7E009A1DB1 /* Debug */,
				A1F8AC332D9EAD7E009A1DB1 /* Release */,
			);
			defaultConfigurationIsVisible = 0;
			defaultConfigurationName = Release;
		};
		A1F8AC342D9EAD7E009A1DB1 /* Build configuration list for PBXNativeTarget "MVarch" */ = {
			isa = XCConfigurationList;
			buildConfigurations = (
				A1F8AC352D9EAD7E009A1DB1 /* Debug */,
				A1F8AC362D9EAD7E009A1DB1 /* Release */,
			);
			defaultConfigurationIsVisible = 0;
			defaultConfigurationName = Release;
		};
/* End XCConfigurationList section */

/* Begin XCLocalSwiftPackageReference section */
		A1F8AC642D9FADA8009A1DB1 /* XCLocalSwiftPackageReference "../NavigationGraph" */ = {
			isa = XCLocalSwiftPackageReference;
			relativePath = ../NavigationGraph;
		};
/* End XCLocalSwiftPackageReference section */

/* Begin XCSwiftPackageProductDependency section */
		A1F8AC652D9FADA8009A1DB1 /* NavigationGraph */ = {
			isa = XCSwiftPackageProductDependency;
			productName = NavigationGraph;
		};
/* End XCSwiftPackageProductDependency section */
	};
	rootObject = A1F8AC1C2D9EAD7B009A1DB1 /* Project object */;
}
